
Microsoft Visual Studio Solution File, Format Version 12.00
# Visual Studio 15
VisualStudioVersion = 15.0.28307.2092
MinimumVisualStudioVersion = 10.0.40219.1
Project("{FAE04EC0-301F-11D3-BF4B-00C04F79EFBC}") = "Examen de Grado", "Examen de Grado\Examen de Grado.csproj", "{8BB603CF-B5EC-441B-91E6-DB49FD1F18D4}"
EndProject
Global
	GlobalSection(SolutionConfigurationPlatforms) = preSolution
		Debug|Any CPU = Debug|Any CPU
		Release|Any CPU = Release|Any CPU
	EndGlobalSection
	GlobalSection(ProjectConfigurationPlatforms) = postSolution
		{8BB603CF-B5EC-441B-91E6-DB49FD1F18D4}.Debug|Any CPU.ActiveCfg = Debug|Any CPU
		{8BB603CF-B5EC-441B-91E6-DB49FD1F18D4}.Debug|Any CPU.Build.0 = Debug|Any CPU
		{8BB603CF-B5EC-441B-91E6-DB49FD1F18D4}.Release|Any CPU.ActiveCfg = Release|Any CPU
		{8BB603CF-B5EC-441B-91E6-DB49FD1F18D4}.Release|Any CPU.Build.0 = Release|Any CPU
	EndGlobalSection
	GlobalSection(SolutionProperties) = preSolution
		HideSolutionNode = FALSE
	EndGlobalSection
	GlobalSection(ExtensibilityGlobals) = postSolution
		SolutionGuid = {A7A3B779-9DA4-46B2-93C8-08212FF3403F}
	EndGlobalSection
EndGlobal
